
Microsoft Visual Studio Solution File, Format Version 12.00
# Visual Studio Version 17
VisualStudioVersion = 17.7.34031.279
MinimumVisualStudioVersion = 10.0.40219.1
Project("{2150E333-8FDC-42A3-9474-1A3956D46DE8}") = "src", "src", "{A436CDED-6A96-406D-86D3-416318E1CA34}"
EndProject
Project("{2150E333-8FDC-42A3-9474-1A3956D46DE8}") = "tests", "tests", "{34BB34A5-E194-45F3-8E12-2D2D4924B8D4}"
EndProject
Project("{2150E333-8FDC-42A3-9474-1A3956D46DE8}") = "Core", "Core", "{8D3EFDDC-C8E5-4A1F-9F99-BDB1A2EA81DC}"
EndProject
Project("{9A19103F-16F7-4668-BE54-9A1E7A4F7556}") = "Domain.UnitTests", "tests\Domain.UnitTests\Domain.UnitTests.csproj", "{746DC142-CEFD-47D8-A4B2-33A5B3E10462}"
EndProject
Project("{9A19103F-16F7-4668-BE54-9A1E7A4F7556}") = "Domain", "src\Core\Domain\Domain.csproj", "{554058ED-6D30-412F-85BE-C3C9DD79EBFA}"
EndProject
Project("{2150E333-8FDC-42A3-9474-1A3956D46DE8}") = "External", "External", "{5C13EDFC-CF73-4EFE-B316-2C272EADD461}"
EndProject
Project("{9A19103F-16F7-4668-BE54-9A1E7A4F7556}") = "Infrastructure", "src\External\Infrastructure\Infrastructure.csproj", "{9E7F9D81-81EE-49C1-ABCD-2D5DD08CE2C8}"
EndProject
Project("{9A19103F-16F7-4668-BE54-9A1E7A4F7556}") = "Persistence", "src\External\Persistence\Persistence.csproj", "{5C6570CF-E1B1-4F0B-B33B-4341B188C108}"
EndProject
Project("{9A19103F-16F7-4668-BE54-9A1E7A4F7556}") = "Application.UnitTests", "tests\Application.UnitTests\Application.UnitTests.csproj", "{1E89BC12-03C5-425D-9D2F-4EA331982C7B}"
EndProject
Project("{2150E333-8FDC-42A3-9474-1A3956D46DE8}") = "Presentation", "Presentation", "{60CF340B-6324-4C53-BB46-1BCB7DEAB15E}"
EndProject
Project("{9A19103F-16F7-4668-BE54-9A1E7A4F7556}") = "Application", "src\Core\Application\Application.csproj", "{C7554339-D4B3-4815-948F-827F3DF53352}"
EndProject
Project("{FAE04EC0-301F-11D3-BF4B-00C04F79EFBC}") = "Umbrella.Maui", "src\Presentation\Umbrella.Maui\Umbrella.Maui.csproj", "{7E627E28-155F-40CC-80CB-37CA97062D34}"
EndProject
Global
	GlobalSection(SolutionConfigurationPlatforms) = preSolution
		Debug|Any CPU = Debug|Any CPU
		Release|Any CPU = Release|Any CPU
	EndGlobalSection
	GlobalSection(ProjectConfigurationPlatforms) = postSolution
		{746DC142-CEFD-47D8-A4B2-33A5B3E10462}.Debug|Any CPU.ActiveCfg = Debug|Any CPU
		{746DC142-CEFD-47D8-A4B2-33A5B3E10462}.Debug|Any CPU.Build.0 = Debug|Any CPU
		{746DC142-CEFD-47D8-A4B2-33A5B3E10462}.Release|Any CPU.ActiveCfg = Release|Any CPU
		{746DC142-CEFD-47D8-A4B2-33A5B3E10462}.Release|Any CPU.Build.0 = Release|Any CPU
		{554058ED-6D30-412F-85BE-C3C9DD79EBFA}.Debug|Any CPU.ActiveCfg = Debug|Any CPU
		{554058ED-6D30-412F-85BE-C3C9DD79EBFA}.Debug|Any CPU.Build.0 = Debug|Any CPU
		{554058ED-6D30-412F-85BE-C3C9DD79EBFA}.Release|Any CPU.ActiveCfg = Release|Any CPU
		{554058ED-6D30-412F-85BE-C3C9DD79EBFA}.Release|Any CPU.Build.0 = Release|Any CPU
		{9E7F9D81-81EE-49C1-ABCD-2D5DD08CE2C8}.Debug|Any CPU.ActiveCfg = Debug|Any CPU
		{9E7F9D81-81EE-49C1-ABCD-2D5DD08CE2C8}.Debug|Any CPU.Build.0 = Debug|Any CPU
		{9E7F9D81-81EE-49C1-ABCD-2D5DD08CE2C8}.Release|Any CPU.ActiveCfg = Release|Any CPU
		{9E7F9D81-81EE-49C1-ABCD-2D5DD08CE2C8}.Release|Any CPU.Build.0 = Release|Any CPU
		{5C6570CF-E1B1-4F0B-B33B-4341B188C108}.Debug|Any CPU.ActiveCfg = Debug|Any CPU
		{5C6570CF-E1B1-4F0B-B33B-4341B188C108}.Debug|Any CPU.Build.0 = Debug|Any CPU
		{5C6570CF-E1B1-4F0B-B33B-4341B188C108}.Release|Any CPU.ActiveCfg = Release|Any CPU
		{5C6570CF-E1B1-4F0B-B33B-4341B188C108}.Release|Any CPU.Build.0 = Release|Any CPU
		{1E89BC12-03C5-425D-9D2F-4EA331982C7B}.Debug|Any CPU.ActiveCfg = Debug|Any CPU
		{1E89BC12-03C5-425D-9D2F-4EA331982C7B}.Debug|Any CPU.Build.0 = Debug|Any CPU
		{1E89BC12-03C5-425D-9D2F-4EA331982C7B}.Release|Any CPU.ActiveCfg = Release|Any CPU
		{1E89BC12-03C5-425D-9D2F-4EA331982C7B}.Release|Any CPU.Build.0 = Release|Any CPU
		{C7554339-D4B3-4815-948F-827F3DF53352}.Debug|Any CPU.ActiveCfg = Debug|Any CPU
		{C7554339-D4B3-4815-948F-827F3DF53352}.Debug|Any CPU.Build.0 = Debug|Any CPU
		{C7554339-D4B3-4815-948F-827F3DF53352}.Release|Any CPU.ActiveCfg = Release|Any CPU
		{C7554339-D4B3-4815-948F-827F3DF53352}.Release|Any CPU.Build.0 = Release|Any CPU
		{7E627E28-155F-40CC-80CB-37CA97062D34}.Debug|Any CPU.ActiveCfg = Debug|Any CPU
		{7E627E28-155F-40CC-80CB-37CA97062D34}.Debug|Any CPU.Build.0 = Debug|Any CPU
		{7E627E28-155F-40CC-80CB-37CA97062D34}.Debug|Any CPU.Deploy.0 = Debug|Any CPU
		{7E627E28-155F-40CC-80CB-37CA97062D34}.Release|Any CPU.ActiveCfg = Release|Any CPU
		{7E627E28-155F-40CC-80CB-37CA97062D34}.Release|Any CPU.Build.0 = Release|Any CPU
		{7E627E28-155F-40CC-80CB-37CA97062D34}.Release|Any CPU.Deploy.0 = Release|Any CPU
	EndGlobalSection
	GlobalSection(SolutionProperties) = preSolution
		HideSolutionNode = FALSE
	EndGlobalSection
	GlobalSection(NestedProjects) = preSolution
		{8D3EFDDC-C8E5-4A1F-9F99-BDB1A2EA81DC} = {A436CDED-6A96-406D-86D3-416318E1CA34}
		{746DC142-CEFD-47D8-A4B2-33A5B3E10462} = {34BB34A5-E194-45F3-8E12-2D2D4924B8D4}
		{554058ED-6D30-412F-85BE-C3C9DD79EBFA} = {8D3EFDDC-C8E5-4A1F-9F99-BDB1A2EA81DC}
		{5C13EDFC-CF73-4EFE-B316-2C272EADD461} = {A436CDED-6A96-406D-86D3-416318E1CA34}
		{9E7F9D81-81EE-49C1-ABCD-2D5DD08CE2C8} = {5C13EDFC-CF73-4EFE-B316-2C272EADD461}
		{5C6570CF-E1B1-4F0B-B33B-4341B188C108} = {5C13EDFC-CF73-4EFE-B316-2C272EADD461}
		{1E89BC12-03C5-425D-9D2F-4EA331982C7B} = {34BB34A5-E194-45F3-8E12-2D2D4924B8D4}
		{60CF340B-6324-4C53-BB46-1BCB7DEAB15E} = {A436CDED-6A96-406D-86D3-416318E1CA34}
		{C7554339-D4B3-4815-948F-827F3DF53352} = {8D3EFDDC-C8E5-4A1F-9F99-BDB1A2EA81DC}
		{7E627E28-155F-40CC-80CB-37CA97062D34} = {60CF340B-6324-4C53-BB46-1BCB7DEAB15E}
	EndGlobalSection
	GlobalSection(ExtensibilityGlobals) = postSolution
		SolutionGuid = {2D4EAB10-6AC5-4309-8851-CD0152B68318}
	EndGlobalSection
EndGlobal
